{
  "name": "setteling-react-workshop",
  "version": "0.1.0",
  "lockfileVersion": 1,
  "requires": true,
  "dependencies": {
    "json-loader": {
      "version": "0.5.7",
      "resolved": "http://10.210.200.230:8081/repository/williamhill-npm/json-loader/-/json-loader-0.5.7.tgz",
      "integrity": "sha512-QLPs8Dj7lnf3e3QYS1zkCo+4ZwqOiF9d/nZnYozTISxXWCfNs9yuky5rJw4/W34s7POaNlbZmQGaB5NiXCbP4w==",
      "dev": true
    }
  }
}
